// !$*UTF8*$!
{
	archiveVersion = 1;
	classes = {
	};
	objectVersion = 55;
	objects = {

/* Begin PBXBuildFile section */
		C442C69E2719E70500D5D0FD /* Cocktail_HeavenApp.swift in Sources */ = {isa = PBXBuildFile; fileRef = C442C69D2719E70500D5D0FD /* Cocktail_HeavenApp.swift */; };
		C442C6A02719E70500D5D0FD /* ContentView.swift in Sources */ = {isa = PBXBuildFile; fileRef = C442C69F2719E70500D5D0FD /* ContentView.swift */; };
		C442C6A22719E70800D5D0FD /* Assets.xcassets in Resources */ = {isa = PBXBuildFile; fileRef = C442C6A12719E70800D5D0FD /* Assets.xcassets */; };
		C442C6A52719E70800D5D0FD /* Preview Assets.xcassets in Resources */ = {isa = PBXBuildFile; fileRef = C442C6A42719E70800D5D0FD /* Preview Assets.xcassets */; };
		C4701FD9272053C20032170A /* LettersView.swift in Sources */ = {isa = PBXBuildFile; fileRef = C4701FD8272053C20032170A /* LettersView.swift */; };
		C4701FDB27205F560032170A /* DetailsView.swift in Sources */ = {isa = PBXBuildFile; fileRef = C4701FDA27205F560032170A /* DetailsView.swift */; };
		C4701FE22720674C0032170A /* NetworkManager.swift in Sources */ = {isa = PBXBuildFile; fileRef = C4701FE12720674C0032170A /* NetworkManager.swift */; };
		C4701FE4272067AE0032170A /* CocktailData.swift in Sources */ = {isa = PBXBuildFile; fileRef = C4701FE3272067AE0032170A /* CocktailData.swift */; };
		C4701FE72720768D0032170A /* SDWebImageSwiftUI in Frameworks */ = {isa = PBXBuildFile; productRef = C4701FE62720768D0032170A /* SDWebImageSwiftUI */; };
		C49C47CB271DBEF7007C0357 /* SelectView.swift in Sources */ = {isa = PBXBuildFile; fileRef = C49C47CA271DBEF7007C0357 /* SelectView.swift */; };
		C49C47CD271DC212007C0357 /* ResultsView.swift in Sources */ = {isa = PBXBuildFile; fileRef = C49C47CC271DC212007C0357 /* ResultsView.swift */; };
		C4C3827B2726E6A7001D3464 /* NameView.swift in Sources */ = {isa = PBXBuildFile; fileRef = C4C3827A2726E6A7001D3464 /* NameView.swift */; };
/* End PBXBuildFile section */

/* Begin PBXFileReference section */
		C442C69A2719E70500D5D0FD /* Cocktail Heaven.app */ = {isa = PBXFileReference; explicitFileType = wrapper.application; includeInIndex = 0; path = "Cocktail Heaven.app"; sourceTree = BUILT_PRODUCTS_DIR; };
		C442C69D2719E70500D5D0FD /* Cocktail_HeavenApp.swift */ = {isa = PBXFileReference; lastKnownFileType = sourcecode.swift; path = Cocktail_HeavenApp.swift; sourceTree = "<group>"; };
		C442C69F2719E70500D5D0FD /* ContentView.swift */ = {isa = PBXFileReference; lastKnownFileType = sourcecode.swift; path = ContentView.swift; sourceTree = "<group>"; };
		C442C6A12719E70800D5D0FD /* Assets.xcassets */ = {isa = PBXFileReference; lastKnownFileType = folder.assetcatalog; path = Assets.xcassets; sourceTree = "<group>"; };
		C442C6A42719E70800D5D0FD /* Preview Assets.xcassets */ = {isa = PBXFileReference; lastKnownFileType = folder.assetcatalog; path = "Preview Assets.xcassets"; sourceTree = "<group>"; };
		C4701FD8272053C20032170A /* LettersView.swift */ = {isa = PBXFileReference; lastKnownFileType = sourcecode.swift; path = LettersView.swift; sourceTree = "<group>"; };
		C4701FDA27205F560032170A /* DetailsView.swift */ = {isa = PBXFileReference; lastKnownFileType = sourcecode.swift; path = DetailsView.swift; sourceTree = "<group>"; };
		C4701FE12720674C0032170A /* NetworkManager.swift */ = {isa = PBXFileReference; lastKnownFileType = sourcecode.swift; path = NetworkManager.swift; sourceTree = "<group>"; };
		C4701FE3272067AE0032170A /* CocktailData.swift */ = {isa = PBXFileReference; lastKnownFileType = sourcecode.swift; path = CocktailData.swift; sourceTree = "<group>"; };
		C49C47CA271DBEF7007C0357 /* SelectView.swift */ = {isa = PBXFileReference; lastKnownFileType = sourcecode.swift; path = SelectView.swift; sourceTree = "<group>"; };
		C49C47CC271DC212007C0357 /* ResultsView.swift */ = {isa = PBXFileReference; lastKnownFileType = sourcecode.swift; path = ResultsView.swift; sourceTree = "<group>"; };
		C4C3827A2726E6A7001D3464 /* NameView.swift */ = {isa = PBXFileReference; lastKnownFileType = sourcecode.swift; path = NameView.swift; sourceTree = "<group>"; };
/* End PBXFileReference section */

/* Begin PBXFrameworksBuildPhase section */
		C442C6972719E70500D5D0FD /* Frameworks */ = {
			isa = PBXFrameworksBuildPhase;
			buildActionMask = 2147483647;
			files = (
				C4701FE72720768D0032170A /* SDWebImageSwiftUI in Frameworks */,
			);
			runOnlyForDeploymentPostprocessing = 0;
		};
/* End PBXFrameworksBuildPhase section */

/* Begin PBXGroup section */
		C442C6912719E70500D5D0FD = {
			isa = PBXGroup;
			children = (
				C442C69C2719E70500D5D0FD /* Cocktail Heaven */,
				C442C69B2719E70500D5D0FD /* Products */,
			);
			sourceTree = "<group>";
		};
		C442C69B2719E70500D5D0FD /* Products */ = {
			isa = PBXGroup;
			children = (
				C442C69A2719E70500D5D0FD /* Cocktail Heaven.app */,
			);
			name = Products;
			sourceTree = "<group>";
		};
		C442C69C2719E70500D5D0FD /* Cocktail Heaven */ = {
			isa = PBXGroup;
			children = (
				C4701FE0272067390032170A /* Models */,
				C442C69D2719E70500D5D0FD /* Cocktail_HeavenApp.swift */,
				C4701FDC27205FCE0032170A /* Views */,
				C442C6A12719E70800D5D0FD /* Assets.xcassets */,
				C442C6A32719E70800D5D0FD /* Preview Content */,
			);
			path = "Cocktail Heaven";
			sourceTree = "<group>";
		};
		C442C6A32719E70800D5D0FD /* Preview Content */ = {
			isa = PBXGroup;
			children = (
				C442C6A42719E70800D5D0FD /* Preview Assets.xcassets */,
			);
			path = "Preview Content";
			sourceTree = "<group>";
		};
		C4701FDC27205FCE0032170A /* Views */ = {
			isa = PBXGroup;
			children = (
				C442C69F2719E70500D5D0FD /* ContentView.swift */,
				C49C47CA271DBEF7007C0357 /* SelectView.swift */,
				C49C47CC271DC212007C0357 /* ResultsView.swift */,
				C4701FD8272053C20032170A /* LettersView.swift */,
				C4701FDA27205F560032170A /* DetailsView.swift */,
				C4C3827A2726E6A7001D3464 /* NameView.swift */,
			);
			path = Views;
			sourceTree = "<group>";
		};
		C4701FE0272067390032170A /* Models */ = {
			isa = PBXGroup;
			children = (
				C4701FE12720674C0032170A /* NetworkManager.swift */,
				C4701FE3272067AE0032170A /* CocktailData.swift */,
			);
			path = Models;
			sourceTree = "<group>";
		};
/* End PBXGroup section */

/* Begin PBXNativeTarget section */
		C442C6992719E70500D5D0FD /* Cocktail Heaven */ = {
			isa = PBXNativeTarget;
			buildConfigurationList = C442C6A82719E70800D5D0FD /* Build configuration list for PBXNativeTarget "Cocktail Heaven" */;
			buildPhases = (
				C442C6962719E70500D5D0FD /* Sources */,
				C442C6972719E70500D5D0FD /* Frameworks */,
				C442C6982719E70500D5D0FD /* Resources */,
			);
			buildRules = (
			);
			dependencies = (
			);
			name = "Cocktail Heaven";
			packageProductDependencies = (
				C4701FE62720768D0032170A /* SDWebImageSwiftUI */,
			);
			productName = "Cocktail Heaven";
			productReference = C442C69A2719E70500D5D0FD /* Cocktail Heaven.app */;
			productType = "com.apple.product-type.application";
		};
/* End PBXNativeTarget section */

/* Begin PBXProject section */
		C442C6922719E70500D5D0FD /* Project object */ = {
			isa = PBXProject;
			attributes = {
				BuildIndependentTargetsInParallel = 1;
				LastSwiftUpdateCheck = 1300;
				LastUpgradeCheck = 1300;
				TargetAttributes = {
					C442C6992719E70500D5D0FD = {
						CreatedOnToolsVersion = 13.0;
					};
				};
			};
			buildConfigurationList = C442C6952719E70500D5D0FD /* Build configuration list for PBXProject "Cocktail Heaven" */;
			compatibilityVersion = "Xcode 13.0";
			developmentRegion = en;
			hasScannedForEncodings = 0;
			knownRegions = (
				en,
				Base,
			);
			mainGroup = C442C6912719E70500D5D0FD;
			packageReferences = (
				C4701FE52720768D0032170A /* XCRemoteSwiftPackageReference "SDWebImageSwiftUI" */,
			);
			productRefGroup = C442C69B2719E70500D5D0FD /* Products */;
			projectDirPath = "";
			projectRoot = "";
			targets = (
				C442C6992719E70500D5D0FD /* Cocktail Heaven */,
			);
		};
/* End PBXProject section */

/* Begin PBXResourcesBuildPhase section */
		C442C6982719E70500D5D0FD /* Resources */ = {
			isa = PBXResourcesBuildPhase;
			buildActionMask = 2147483647;
			files = (
				C442C6A52719E70800D5D0FD /* Preview Assets.xcassets in Resources */,
				C442C6A22719E70800D5D0FD /* Assets.xcassets in Resources */,
			);
			runOnlyForDeploymentPostprocessing = 0;
		};
/* End PBXResourcesBuildPhase section */

/* Begin PBXSourcesBuildPhase section */
		C442C6962719E70500D5D0FD /* Sources */ = {
			isa = PBXSourcesBuildPhase;
			buildActionMask = 2147483647;
			files = (
				C442C6A02719E70500D5D0FD /* ContentView.swift in Sources */,
				C4701FE4272067AE0032170A /* CocktailData.swift in Sources */,
				C4C3827B2726E6A7001D3464 /* NameView.swift in Sources */,
				C49C47CD271DC212007C0357 /* ResultsView.swift in Sources */,
				C4701FD9272053C20032170A /* LettersView.swift in Sources */,
				C442C69E2719E70500D5D0FD /* Cocktail_HeavenApp.swift in Sources */,
				C49C47CB271DBEF7007C0357 /* SelectView.swift in Sources */,
				C4701FDB27205F560032170A /* DetailsView.swift in Sources */,
				C4701FE22720674C0032170A /* NetworkManager.swift in Sources */,
			);
			runOnlyForDeploymentPostprocessing = 0;
		};
/* End PBXSourcesBuildPhase section */

/* Begin XCBuildConfiguration section */
		C442C6A62719E70800D5D0FD /* Debug */ = {
			isa = XCBuildConfiguration;
			buildSettings = {
				ALWAYS_SEARCH_USER_PATHS = NO;
				CLANG_ANALYZER_NONNULL = YES;
				CLANG_ANALYZER_NUMBER_OBJECT_CONVERSION = YES_AGGRESSIVE;
				CLANG_CXX_LANGUAGE_STANDARD = "gnu++17";
				CLANG_CXX_LIBRARY = "libc++";
				CLANG_ENABLE_MODULES = YES;
				CLANG_ENABLE_OBJC_ARC = YES;
				CLANG_ENABLE_OBJC_WEAK = YES;
				CLANG_WARN_BLOCK_CAPTURE_AUTORELEASING = YES;
				CLANG_WARN_BOOL_CONVERSION = YES;
				CLANG_WARN_COMMA = YES;
				CLANG_WARN_CONSTANT_CONVERSION = YES;
				CLANG_WARN_DEPRECATED_OBJC_IMPLEMENTATIONS = YES;
				CLANG_WARN_DIRECT_OBJC_ISA_USAGE = YES_ERROR;
				CLANG_WARN_DOCUMENTATION_COMMENTS = YES;
				CLANG_WARN_EMPTY_BODY = YES;
				CLANG_WARN_ENUM_CONVERSION = YES;
				CLANG_WARN_INFINITE_RECURSION = YES;
				CLANG_WARN_INT_CONVERSION = YES;
				CLANG_WARN_NON_LITERAL_NULL_CONVERSION = YES;
				CLANG_WARN_OBJC_IMPLICIT_RETAIN_SELF = YES;
				CLANG_WARN_OBJC_LITERAL_CONVERSION = YES;
				CLANG_WARN_OBJC_ROOT_CLASS = YES_ERROR;
				CLANG_WARN_QUOTED_INCLUDE_IN_FRAMEWORK_HEADER = YES;
				CLANG_WARN_RANGE_LOOP_ANALYSIS = YES;
				CLANG_WARN_STRICT_PROTOTYPES = YES;
				CLANG_WARN_SUSPICIOUS_MOVE = YES;
				CLANG_WARN_UNGUARDED_AVAILABILITY = YES_AGGRESSIVE;
				CLANG_WARN_UNREACHABLE_CODE = YES;
				CLANG_WARN__DUPLICATE_METHOD_MATCH = YES;
				COPY_PHASE_STRIP = NO;
				DEBUG_INFORMATION_FORMAT = dwarf;
				ENABLE_STRICT_OBJC_MSGSEND = YES;
				ENABLE_TESTABILITY = YES;
				GCC_C_LANGUAGE_STANDARD = gnu11;
				GCC_DYNAMIC_NO_PIC = NO;
				GCC_NO_COMMON_BLOCKS = YES;
				GCC_OPTIMIZATION_LEVEL = 0;
				GCC_PREPROCESSOR_DEFINITIONS = (
					"DEBUG=1",
					"$(inherited)",
				);
				GCC_WARN_64_TO_32_BIT_CONVERSION = YES;
				GCC_WARN_ABOUT_RETURN_TYPE = YES_ERROR;
				GCC_WARN_UNDECLARED_SELECTOR = YES;
				GCC_WARN_UNINITIALIZED_AUTOS = YES_AGGRESSIVE;
				GCC_WARN_UNUSED_FUNCTION = YES;
				GCC_WARN_UNUSED_VARIABLE = YES;
				IPHONEOS_DEPLOYMENT_TARGET = 15.0;
				MTL_ENABLE_DEBUG_INFO = INCLUDE_SOURCE;
				MTL_FAST_MATH = YES;
				ONLY_ACTIVE_ARCH = YES;
				SDKROOT = iphoneos;
				SWIFT_ACTIVE_COMPILATION_CONDITIONS = DEBUG;
				SWIFT_OPTIMIZATION_LEVEL = "-Onone";
			};
			name = Debug;
		};
		C442C6A72719E70800D5D0FD /* Release */ = {
			isa = XCBuildConfiguration;
			buildSettings = {
				ALWAYS_SEARCH_USER_PATHS = NO;
				CLANG_ANALYZER_NONNULL = YES;
				CLANG_ANALYZER_NUMBER_OBJECT_CONVERSION = YES_AGGRESSIVE;
				CLANG_CXX_LANGUAGE_STANDARD = "gnu++17";
				CLANG_CXX_LIBRARY = "libc++";
				CLANG_ENABLE_MODULES = YES;
				CLANG_ENABLE_OBJC_ARC = YES;
				CLANG_ENABLE_OBJC_WEAK = YES;
				CLANG_WARN_BLOCK_CAPTURE_AUTORELEASING = YES;
				CLANG_WARN_BOOL_CONVERSION = YES;
				CLANG_WARN_COMMA = YES;
				CLANG_WARN_CONSTANT_CONVERSION = YES;
				CLANG_WARN_DEPRECATED_OBJC_IMPLEMENTATIONS = YES;
				CLANG_WARN_DIRECT_OBJC_ISA_USAGE = YES_ERROR;
				CLANG_WARN_DOCUMENTATION_COMMENTS = YES;
				CLANG_WARN_EMPTY_BODY = YES;
				CLANG_WARN_ENUM_CONVERSION = YES;
				CLANG_WARN_INFINITE_RECURSION = YES;
				CLANG_WARN_INT_CONVERSION = YES;
				CLANG_WARN_NON_LITERAL_NULL_CONVERSION = YES;
				CLANG_WARN_OBJC_IMPLICIT_RETAIN_SELF = YES;
				CLANG_WARN_OBJC_LITERAL_CONVERSION = YES;
				CLANG_WARN_OBJC_ROOT_CLASS = YES_ERROR;
				CLANG_WARN_QUOTED_INCLUDE_IN_FRAMEWORK_HEADER = YES;
				CLANG_WARN_RANGE_LOOP_ANALYSIS = YES;
				CLANG_WARN_STRICT_PROTOTYPES = YES;
				CLANG_WARN_SUSPICIOUS_MOVE = YES;
				CLANG_WARN_UNGUARDED_AVAILABILITY = YES_AGGRESSIVE;
				CLANG_WARN_UNREACHABLE_CODE = YES;
				CLANG_WARN__DUPLICATE_METHOD_MATCH = YES;
				COPY_PHASE_STRIP = NO;
				DEBUG_INFORMATION_FORMAT = "dwarf-with-dsym";
				ENABLE_NS_ASSERTIONS = NO;
				ENABLE_STRICT_OBJC_MSGSEND = YES;
				GCC_C_LANGUAGE_STANDARD = gnu11;
				GCC_NO_COMMON_BLOCKS = YES;
				GCC_WARN_64_TO_32_BIT_CONVERSION = YES;
				GCC_WARN_ABOUT_RETURN_TYPE = YES_ERROR;
				GCC_WARN_UNDECLARED_SELECTOR = YES;
				GCC_WARN_UNINITIALIZED_AUTOS = YES_AGGRESSIVE;
				GCC_WARN_UNUSED_FUNCTION = YES;
				GCC_WARN_UNUSED_VARIABLE = YES;
				IPHONEOS_DEPLOYMENT_TARGET = 15.0;
				MTL_ENABLE_DEBUG_INFO = NO;
				MTL_FAST_MATH = YES;
				SDKROOT = iphoneos;
				SWIFT_COMPILATION_MODE = wholemodule;
				SWIFT_OPTIMIZATION_LEVEL = "-O";
				VALIDATE_PRODUCT = YES;
			};
			name = Release;
		};
		C442C6A92719E70800D5D0FD /* Debug */ = {
			isa = XCBuildConfiguration;
			buildSettings = {
				ASSETCATALOG_COMPILER_APPICON_NAME = AppIcon;
				ASSETCATALOG_COMPILER_GLOBAL_ACCENT_COLOR_NAME = AccentColor;
				CODE_SIGN_STYLE = Automatic;
				CURRENT_PROJECT_VERSION = 1;
				DEVELOPMENT_ASSET_PATHS = "\"Cocktail Heaven/Preview Content\"";
				DEVELOPMENT_TEAM = 555CBMTQ4N;
				ENABLE_PREVIEWS = YES;
				GENERATE_INFOPLIST_FILE = YES;
				INFOPLIST_KEY_UIApplicationSceneManifest_Generation = YES;
				INFOPLIST_KEY_UIApplicationSupportsIndirectInputEvents = YES;
				INFOPLIST_KEY_UILaunchScreen_Generation = YES;
				INFOPLIST_KEY_UISupportedInterfaceOrientations_iPad = "UIInterfaceOrientationPortrait UIInterfaceOrientationPortraitUpsideDown UIInterfaceOrientationLandscapeLeft UIInterfaceOrientationLandscapeRight";
				INFOPLIST_KEY_UISupportedInterfaceOrientations_iPhone = "UIInterfaceOrientationPortrait UIInterfaceOrientationLandscapeLeft UIInterfaceOrientationLandscapeRight";
				IPHONEOS_DEPLOYMENT_TARGET = 15.0;
				LD_RUNPATH_SEARCH_PATHS = (
					"$(inherited)",
					"@executable_path/Frameworks",
				);
				MARKETING_VERSION = 1.0;
				PRODUCT_BUNDLE_IDENTIFIER = "com.sjlearmonth.Cocktail-Heaven";
				PRODUCT_NAME = "$(TARGET_NAME)";
				SWIFT_EMIT_LOC_STRINGS = YES;
				SWIFT_VERSION = 5.0;
				TARGETED_DEVICE_FAMILY = "1,2";
			};
			name = Debug;
		};
		C442C6AA2719E70800D5D0FD /* Release */ = {
			isa = XCBuildConfiguration;
			buildSettings = {
				ASSETCATALOG_COMPILER_APPICON_NAME = AppIcon;
				ASSETCATALOG_COMPILER_GLOBAL_ACCENT_COLOR_NAME = AccentColor;
				CODE_SIGN_STYLE = Automatic;
				CURRENT_PROJECT_VERSION = 1;
				DEVELOPMENT_ASSET_PATHS = "\"Cocktail Heaven/Preview Content\"";
				DEVELOPMENT_TEAM = 555CBMTQ4N;
				ENABLE_PREVIEWS = YES;
				GENERATE_INFOPLIST_FILE = YES;
				INFOPLIST_KEY_UIApplicationSceneManifest_Generation = YES;
				INFOPLIST_KEY_UIApplicationSupportsIndirectInputEvents = YES;
				INFOPLIST_KEY_UILaunchScreen_Generation = YES;
				INFOPLIST_KEY_UISupportedInterfaceOrientations_iPad = "UIInterfaceOrientationPortrait UIInterfaceOrientationPortraitUpsideDown UIInterfaceOrientationLandscapeLeft UIInterfaceOrientationLandscapeRight";
				INFOPLIST_KEY_UISupportedInterfaceOrientations_iPhone = "UIInterfaceOrientationPortrait UIInterfaceOrientationLandscapeLeft UIInterfaceOrientationLandscapeRight";
				IPHONEOS_DEPLOYMENT_TARGET = 15.0;
				LD_RUNPATH_SEARCH_PATHS = (
					"$(inherited)",
					"@executable_path/Frameworks",
				);
				MARKETING_VERSION = 1.0;
				PRODUCT_BUNDLE_IDENTIFIER = "com.sjlearmonth.Cocktail-Heaven";
				PRODUCT_NAME = "$(TARGET_NAME)";
				SWIFT_EMIT_LOC_STRINGS = YES;
				SWIFT_VERSION = 5.0;
				TARGETED_DEVICE_FAMILY = "1,2";
			};
			name = Release;
		};
/* End XCBuildConfiguration section */

/* Begin XCConfigurationList section */
		C442C6952719E70500D5D0FD /* Build configuration list for PBXProject "Cocktail Heaven" */ = {
			isa = XCConfigurationList;
			buildConfigurations = (
				C442C6A62719E70800D5D0FD /* Debug */,
				C442C6A72719E70800D5D0FD /* Release */,
			);
			defaultConfigurationIsVisible = 0;
			defaultConfigurationName = Release;
		};
		C442C6A82719E70800D5D0FD /* Build configuration list for PBXNativeTarget "Cocktail Heaven" */ = {
			isa = XCConfigurationList;
			buildConfigurations = (
				C442C6A92719E70800D5D0FD /* Debug */,
				C442C6AA2719E70800D5D0FD /* Release */,
			);
			defaultConfigurationIsVisible = 0;
			defaultConfigurationName = Release;
		};
/* End XCConfigurationList section */

/* Begin XCRemoteSwiftPackageReference section */
		C4701FE52720768D0032170A /* XCRemoteSwiftPackageReference "SDWebImageSwiftUI" */ = {
			isa = XCRemoteSwiftPackageReference;
			repositoryURL = "https://github.com/SDWebImage/SDWebImageSwiftUI.git";
			requirement = {
				kind = upToNextMajorVersion;
				minimumVersion = 2.0.0;
			};
		};
/* End XCRemoteSwiftPackageReference section */

/* Begin XCSwiftPackageProductDependency section */
		C4701FE62720768D0032170A /* SDWebImageSwiftUI */ = {
			isa = XCSwiftPackageProductDependency;
			package = C4701FE52720768D0032170A /* XCRemoteSwiftPackageReference "SDWebImageSwiftUI" */;
			productName = SDWebImageSwiftUI;
		};
/* End XCSwiftPackageProductDependency section */
	};
	rootObject = C442C6922719E70500D5D0FD /* Project object */;
}
